
Microsoft Visual Studio Solution File, Format Version 12.00
# Visual Studio Version 17
VisualStudioVersion = 17.7.34031.279
MinimumVisualStudioVersion = 10.0.40219.1
Project("{FAE04EC0-301F-11D3-BF4B-00C04F79EFBC}") = "CadastroFilmes.Domain", "CadastroFilmes.Domain\CadastroFilmes.Domain.csproj", "{A8287CBA-BEBF-4495-93F5-BD08328E693D}"
EndProject
Global
	GlobalSection(SolutionConfigurationPlatforms) = preSolution
		Debug|Any CPU = Debug|Any CPU
		Release|Any CPU = Release|Any CPU
	EndGlobalSection
	GlobalSection(ProjectConfigurationPlatforms) = postSolution
		{A8287CBA-BEBF-4495-93F5-BD08328E693D}.Debug|Any CPU.ActiveCfg = Debug|Any CPU
		{A8287CBA-BEBF-4495-93F5-BD08328E693D}.Debug|Any CPU.Build.0 = Debug|Any CPU
		{A8287CBA-BEBF-4495-93F5-BD08328E693D}.Release|Any CPU.ActiveCfg = Release|Any CPU
		{A8287CBA-BEBF-4495-93F5-BD08328E693D}.Release|Any CPU.Build.0 = Release|Any CPU
	EndGlobalSection
	GlobalSection(SolutionProperties) = preSolution
		HideSolutionNode = FALSE
	EndGlobalSection
	GlobalSection(ExtensibilityGlobals) = postSolution
		SolutionGuid = {1E86C1E5-CE61-4B97-8ED0-4AC5419160AB}
	EndGlobalSection
EndGlobal
